{
  "name": "odyssey",
  "version": "1.0.0",
  "lockfileVersion": 3,
  "requires": true,
  "packages": {
    "": {
      "name": "odyssey",
      "version": "1.0.0",
      "license": "ISC",
      "dependencies": {
        "@odysseyml/odyssey": "^1.0.0"
      }
    },
    "node_modules/@odysseyml/odyssey": {
      "version": "1.0.0",
      "resolved": "https://registry.npmjs.org/@odysseyml/odyssey/-/odyssey-1.0.0.tgz",
      "integrity": "sha512-zvdCNaF7BQjgAoGop6nf7dc5Dr1ZwX3/bTMA2N7X4q4UvRMIC2a9pzfynMIAKaIYWg34mRZemWZFsbJN7gXsyA==",
      "engines": {
        "node": ">=18.0.0"
      },
      "peerDependencies": {
        "react": "^18.0.0",
        "ws": "^8.14.0"
      },
      "peerDependenciesMeta": {
        "react": {
          "optional": true
        },
        "ws": {
          "optional": true
        }
      }
    }
  }
}
